
Microsoft Visual Studio Solution File, Format Version 12.00
# Visual Studio Version 16
VisualStudioVersion = 16.0.30523.141
MinimumVisualStudioVersion = 10.0.40219.1
Project("{FAE04EC0-301F-11D3-BF4B-00C04F79EFBC}") = "IndiceArrayElementoCshard", "IndiceArrayElementoCshard\IndiceArrayElementoCshard.csproj", "{334746A9-9759-4A6C-A1B4-BF7FE2EA0626}"
EndProject
Global
	GlobalSection(SolutionConfigurationPlatforms) = preSolution
		Debug|Any CPU = Debug|Any CPU
		Release|Any CPU = Release|Any CPU
	EndGlobalSection
	GlobalSection(ProjectConfigurationPlatforms) = postSolution
		{334746A9-9759-4A6C-A1B4-BF7FE2EA0626}.Debug|Any CPU.ActiveCfg = Debug|Any CPU
		{334746A9-9759-4A6C-A1B4-BF7FE2EA0626}.Debug|Any CPU.Build.0 = Debug|Any CPU
		{334746A9-9759-4A6C-A1B4-BF7FE2EA0626}.Release|Any CPU.ActiveCfg = Release|Any CPU
		{334746A9-9759-4A6C-A1B4-BF7FE2EA0626}.Release|Any CPU.Build.0 = Release|Any CPU
	EndGlobalSection
	GlobalSection(SolutionProperties) = preSolution
		HideSolutionNode = FALSE
	EndGlobalSection
	GlobalSection(ExtensibilityGlobals) = postSolution
		SolutionGuid = {BB241CEF-235A-47A2-B714-E94F3B52D649}
	EndGlobalSection
EndGlobal
